
Microsoft Visual Studio Solution File, Format Version 12.00
# Visual Studio for Mac
Project("{FAE04EC0-301F-11D3-BF4B-00C04F79EFBC}") = "3BOT_UnityProject", "3BOT_UnityProject.csproj", "{32F58075-A77E-DDB2-7D5F-D26CEDA50A32}"
EndProject
Global
	GlobalSection(SolutionConfigurationPlatforms) = preSolution
		Debug|Any CPU = Debug|Any CPU
		Release|Any CPU = Release|Any CPU
	EndGlobalSection
	GlobalSection(ProjectConfigurationPlatforms) = postSolution
		{32F58075-A77E-DDB2-7D5F-D26CEDA50A32}.Debug|Any CPU.ActiveCfg = Debug|Any CPU
		{32F58075-A77E-DDB2-7D5F-D26CEDA50A32}.Debug|Any CPU.Build.0 = Debug|Any CPU
		{32F58075-A77E-DDB2-7D5F-D26CEDA50A32}.Release|Any CPU.ActiveCfg = Release|Any CPU
		{32F58075-A77E-DDB2-7D5F-D26CEDA50A32}.Release|Any CPU.Build.0 = Release|Any CPU
	EndGlobalSection
	GlobalSection(SolutionProperties) = preSolution
		HideSolutionNode = FALSE
	EndGlobalSection
EndGlobal
